{
  "requires": true,
  "lockfileVersion": 1,
  "dependencies": {
    "typescript": {
      "version": "3.6.0-dev.20190713",
      "resolved": "https://registry.npmjs.org/typescript/-/typescript-3.6.0-dev.20190713.tgz",
      "integrity": "sha512-7d+lDlZ8ol9SD+cpPj/KxWCHUrr4zf0+oG6Gc0++U5nV7zhIHa3pWPY7NnogY+hION6tdzQFuu39VCM7qkdl+g=="
    }
  }
}
